
Microsoft Visual Studio Solution File, Format Version 12.00
# Visual Studio Version 17
VisualStudioVersion = 17.8.34330.188
MinimumVisualStudioVersion = 10.0.40219.1
Project("{FAE04EC0-301F-11D3-BF4B-00C04F79EFBC}") = "Coursework", "Coursework\Coursework.csproj", "{CC181083-0C96-4978-8B30-BB9C15885E5A}"
EndProject
Global
	GlobalSection(SolutionConfigurationPlatforms) = preSolution
		Debug|Any CPU = Debug|Any CPU
		Debug|x86 = Debug|x86
		Release|Any CPU = Release|Any CPU
		Release|x86 = Release|x86
	EndGlobalSection
	GlobalSection(ProjectConfigurationPlatforms) = postSolution
		{CC181083-0C96-4978-8B30-BB9C15885E5A}.Debug|Any CPU.ActiveCfg = Debug|Any CPU
		{CC181083-0C96-4978-8B30-BB9C15885E5A}.Debug|Any CPU.Build.0 = Debug|Any CPU
		{CC181083-0C96-4978-8B30-BB9C15885E5A}.Debug|x86.ActiveCfg = Debug|x86
		{CC181083-0C96-4978-8B30-BB9C15885E5A}.Debug|x86.Build.0 = Debug|x86
		{CC181083-0C96-4978-8B30-BB9C15885E5A}.Release|Any CPU.ActiveCfg = Release|Any CPU
		{CC181083-0C96-4978-8B30-BB9C15885E5A}.Release|Any CPU.Build.0 = Release|Any CPU
		{CC181083-0C96-4978-8B30-BB9C15885E5A}.Release|x86.ActiveCfg = Release|x86
		{CC181083-0C96-4978-8B30-BB9C15885E5A}.Release|x86.Build.0 = Release|x86
	EndGlobalSection
	GlobalSection(SolutionProperties) = preSolution
		HideSolutionNode = FALSE
	EndGlobalSection
	GlobalSection(ExtensibilityGlobals) = postSolution
		SolutionGuid = {424D836B-D353-48F2-ACA5-1F7F828E77B4}
	EndGlobalSection
EndGlobal
